
Microsoft Visual Studio Solution File, Format Version 12.00
# Visual Studio 15
VisualStudioVersion = 15.0.27703.2035
MinimumVisualStudioVersion = 10.0.40219.1
Project("{FAE04EC0-301F-11D3-BF4B-00C04F79EFBC}") = "ContactClient", "PhoneDirectoryProject\ContactClient.csproj", "{981AAD7A-6BB1-4FF8-9DAF-41BC5601A05D}"
EndProject
Project("{FAE04EC0-301F-11D3-BF4B-00C04F79EFBC}") = "ContactLibrary", "ContactLibrary\ContactLibrary.csproj", "{BB40CBBD-77FC-4895-8DE9-B073998F4C09}"
EndProject
Project("{FAE04EC0-301F-11D3-BF4B-00C04F79EFBC}") = "UnitTestProject1", "UnitTestProject1\UnitTestProject1.csproj", "{F5418934-E083-49FD-B4BB-EA7C4603CF26}"
EndProject
Global
	GlobalSection(SolutionConfigurationPlatforms) = preSolution
		Debug|Any CPU = Debug|Any CPU
		Release|Any CPU = Release|Any CPU
	EndGlobalSection
	GlobalSection(ProjectConfigurationPlatforms) = postSolution
		{981AAD7A-6BB1-4FF8-9DAF-41BC5601A05D}.Debug|Any CPU.ActiveCfg = Debug|Any CPU
		{981AAD7A-6BB1-4FF8-9DAF-41BC5601A05D}.Debug|Any CPU.Build.0 = Debug|Any CPU
		{981AAD7A-6BB1-4FF8-9DAF-41BC5601A05D}.Release|Any CPU.ActiveCfg = Release|Any CPU
		{981AAD7A-6BB1-4FF8-9DAF-41BC5601A05D}.Release|Any CPU.Build.0 = Release|Any CPU
		{BB40CBBD-77FC-4895-8DE9-B073998F4C09}.Debug|Any CPU.ActiveCfg = Debug|Any CPU
		{BB40CBBD-77FC-4895-8DE9-B073998F4C09}.Debug|Any CPU.Build.0 = Debug|Any CPU
		{BB40CBBD-77FC-4895-8DE9-B073998F4C09}.Release|Any CPU.ActiveCfg = Release|Any CPU
		{BB40CBBD-77FC-4895-8DE9-B073998F4C09}.Release|Any CPU.Build.0 = Release|Any CPU
		{F5418934-E083-49FD-B4BB-EA7C4603CF26}.Debug|Any CPU.ActiveCfg = Debug|Any CPU
		{F5418934-E083-49FD-B4BB-EA7C4603CF26}.Debug|Any CPU.Build.0 = Debug|Any CPU
		{F5418934-E083-49FD-B4BB-EA7C4603CF26}.Release|Any CPU.ActiveCfg = Release|Any CPU
		{F5418934-E083-49FD-B4BB-EA7C4603CF26}.Release|Any CPU.Build.0 = Release|Any CPU
	EndGlobalSection
	GlobalSection(SolutionProperties) = preSolution
		HideSolutionNode = FALSE
	EndGlobalSection
	GlobalSection(ExtensibilityGlobals) = postSolution
		SolutionGuid = {045AC176-0260-4A26-A0EA-913C705DB046}
	EndGlobalSection
EndGlobal
